// !$*UTF8*$!
{
	archiveVersion = 1;
	classes = {
	};
	objectVersion = 46;
	objects = {

/* Begin PBXBuildFile section */
		B833083B1E3EE79F00CC8D4D /* AppDelegate.swift in Sources */ = {isa = PBXBuildFile; fileRef = B833083A1E3EE79F00CC8D4D /* AppDelegate.swift */; };
		B833083D1E3EE79F00CC8D4D /* ViewController.swift in Sources */ = {isa = PBXBuildFile; fileRef = B833083C1E3EE79F00CC8D4D /* ViewController.swift */; };
		B83308451E3EE79F00CC8D4D /* LaunchScreen.storyboard in Resources */ = {isa = PBXBuildFile; fileRef = B83308431E3EE79F00CC8D4D /* LaunchScreen.storyboard */; };
		B83308501E3EE7A000CC8D4D /* HandropTests.swift in Sources */ = {isa = PBXBuildFile; fileRef = B833084F1E3EE7A000CC8D4D /* HandropTests.swift */; };
		B833085B1E3EE7A000CC8D4D /* HandropUITests.swift in Sources */ = {isa = PBXBuildFile; fileRef = B833085A1E3EE7A000CC8D4D /* HandropUITests.swift */; };
		B86E9F2F1E47307C007B9B8E /* ViewController.xib in Resources */ = {isa = PBXBuildFile; fileRef = B86E9F2E1E47307C007B9B8E /* ViewController.xib */; };
		B8A76D901E3F50A30081FC08 /* Assets.xcassets in Resources */ = {isa = PBXBuildFile; fileRef = B8A76D8F1E3F50A30081FC08 /* Assets.xcassets */; };
		B8FABCD31E473B1600E20E0F /* Main.storyboard in Resources */ = {isa = PBXBuildFile; fileRef = B8FABCD21E473B1600E20E0F /* Main.storyboard */; };
		C10B21F4A55606C229D34520 /* libPods-Handrop.a in Frameworks */ = {isa = PBXBuildFile; fileRef = 10E901EA1E6015B41EE1F599 /* libPods-Handrop.a */; };
/* End PBXBuildFile section */

/* Begin PBXContainerItemProxy section */
		B833084C1E3EE7A000CC8D4D /* PBXContainerItemProxy */ = {
			isa = PBXContainerItemProxy;
			containerPortal = B833082F1E3EE79F00CC8D4D /* Project object */;
			proxyType = 1;
			remoteGlobalIDString = B83308361E3EE79F00CC8D4D;
			remoteInfo = Handrop;
		};
		B83308571E3EE7A000CC8D4D /* PBXContainerItemProxy */ = {
			isa = PBXContainerItemProxy;
			containerPortal = B833082F1E3EE79F00CC8D4D /* Project object */;
			proxyType = 1;
			remoteGlobalIDString = B83308361E3EE79F00CC8D4D;
			remoteInfo = Handrop;
		};
/* End PBXContainerItemProxy section */

/* Begin PBXFileReference section */
		10E901EA1E6015B41EE1F599 /* libPods-Handrop.a */ = {isa = PBXFileReference; explicitFileType = archive.ar; includeInIndex = 0; path = "libPods-Handrop.a"; sourceTree = BUILT_PRODUCTS_DIR; };
		40245D3AE4C4146401E64766 /* Pods-Handrop.debug.xcconfig */ = {isa = PBXFileReference; includeInIndex = 1; lastKnownFileType = text.xcconfig; name = "Pods-Handrop.debug.xcconfig"; path = "Pods/Target Support Files/Pods-Handrop/Pods-Handrop.debug.xcconfig"; sourceTree = "<group>"; };
		868E5ECD311E3F750D2DAC8A /* Pods-Handrop.release.xcconfig */ = {isa = PBXFileReference; includeInIndex = 1; lastKnownFileType = text.xcconfig; name = "Pods-Handrop.release.xcconfig"; path = "Pods/Target Support Files/Pods-Handrop/Pods-Handrop.release.xcconfig"; sourceTree = "<group>"; };
		B83308371E3EE79F00CC8D4D /* Handrop.app */ = {isa = PBXFileReference; explicitFileType = wrapper.application; includeInIndex = 0; path = Handrop.app; sourceTree = BUILT_PRODUCTS_DIR; };
		B833083A1E3EE79F00CC8D4D /* AppDelegate.swift */ = {isa = PBXFileReference; lastKnownFileType = sourcecode.swift; path = AppDelegate.swift; sourceTree = "<group>"; };
		B833083C1E3EE79F00CC8D4D /* ViewController.swift */ = {isa = PBXFileReference; lastKnownFileType = sourcecode.swift; path = ViewController.swift; sourceTree = "<group>"; };
		B83308441E3EE79F00CC8D4D /* Base */ = {isa = PBXFileReference; lastKnownFileType = file.storyboard; name = Base; path = Base.lproj/LaunchScreen.storyboard; sourceTree = "<group>"; };
		B83308461E3EE79F00CC8D4D /* Info.plist */ = {isa = PBXFileReference; lastKnownFileType = text.plist.xml; path = Info.plist; sourceTree = "<group>"; };
		B833084B1E3EE7A000CC8D4D /* HandropTests.xctest */ = {isa = PBXFileReference; explicitFileType = wrapper.cfbundle; includeInIndex = 0; path = HandropTests.xctest; sourceTree = BUILT_PRODUCTS_DIR; };
		B833084F1E3EE7A000CC8D4D /* HandropTests.swift */ = {isa = PBXFileReference; lastKnownFileType = sourcecode.swift; path = HandropTests.swift; sourceTree = "<group>"; };
		B83308511E3EE7A000CC8D4D /* Info.plist */ = {isa = PBXFileReference; lastKnownFileType = text.plist.xml; path = Info.plist; sourceTree = "<group>"; };
		B83308561E3EE7A000CC8D4D /* HandropUITests.xctest */ = {isa = PBXFileReference; explicitFileType = wrapper.cfbundle; includeInIndex = 0; path = HandropUITests.xctest; sourceTree = BUILT_PRODUCTS_DIR; };
		B833085A1E3EE7A000CC8D4D /* HandropUITests.swift */ = {isa = PBXFileReference; lastKnownFileType = sourcecode.swift; path = HandropUITests.swift; sourceTree = "<group>"; };
		B833085C1E3EE7A000CC8D4D /* Info.plist */ = {isa = PBXFileReference; lastKnownFileType = text.plist.xml; path = Info.plist; sourceTree = "<group>"; };
		B86E9F2E1E47307C007B9B8E /* ViewController.xib */ = {isa = PBXFileReference; fileEncoding = 4; lastKnownFileType = file.xib; path = ViewController.xib; sourceTree = "<group>"; };
		B8A76D8F1E3F50A30081FC08 /* Assets.xcassets */ = {isa = PBXFileReference; lastKnownFileType = folder.assetcatalog; name = Assets.xcassets; path = "Icon Dog/Assets.xcassets"; sourceTree = "<group>"; };
		B8FABCD21E473B1600E20E0F /* Main.storyboard */ = {isa = PBXFileReference; fileEncoding = 4; lastKnownFileType = file.storyboard; path = Main.storyboard; sourceTree = "<group>"; };
/* End PBXFileReference section */

/* Begin PBXFrameworksBuildPhase section */
		B83308341E3EE79F00CC8D4D /* Frameworks */ = {
			isa = PBXFrameworksBuildPhase;
			buildActionMask = 2147483647;
			files = (
				C10B21F4A55606C229D34520 /* libPods-Handrop.a in Frameworks */,
			);
			runOnlyForDeploymentPostprocessing = 0;
		};
		B83308481E3EE7A000CC8D4D /* Frameworks */ = {
			isa = PBXFrameworksBuildPhase;
			buildActionMask = 2147483647;
			files = (
			);
			runOnlyForDeploymentPostprocessing = 0;
		};
		B83308531E3EE7A000CC8D4D /* Frameworks */ = {
			isa = PBXFrameworksBuildPhase;
			buildActionMask = 2147483647;
			files = (
			);
			runOnlyForDeploymentPostprocessing = 0;
		};
/* End PBXFrameworksBuildPhase section */

/* Begin PBXGroup section */
		A98F16B57021BBA81D232A42 /* Pods */ = {
			isa = PBXGroup;
			children = (
				40245D3AE4C4146401E64766 /* Pods-Handrop.debug.xcconfig */,
				868E5ECD311E3F750D2DAC8A /* Pods-Handrop.release.xcconfig */,
			);
			name = Pods;
			sourceTree = "<group>";
		};
		B833082E1E3EE79F00CC8D4D = {
			isa = PBXGroup;
			children = (
				B83308391E3EE79F00CC8D4D /* Handrop */,
				B833084E1E3EE7A000CC8D4D /* HandropTests */,
				B83308591E3EE7A000CC8D4D /* HandropUITests */,
				B83308381E3EE79F00CC8D4D /* Products */,
				A98F16B57021BBA81D232A42 /* Pods */,
				E26EB64B0D22E70BB386B0EA /* Frameworks */,
			);
			sourceTree = "<group>";
		};
		B83308381E3EE79F00CC8D4D /* Products */ = {
			isa = PBXGroup;
			children = (
				B83308371E3EE79F00CC8D4D /* Handrop.app */,
				B833084B1E3EE7A000CC8D4D /* HandropTests.xctest */,
				B83308561E3EE7A000CC8D4D /* HandropUITests.xctest */,
			);
			name = Products;
			sourceTree = "<group>";
		};
		B83308391E3EE79F00CC8D4D /* Handrop */ = {
			isa = PBXGroup;
			children = (
				B833083A1E3EE79F00CC8D4D /* AppDelegate.swift */,
				B833083C1E3EE79F00CC8D4D /* ViewController.swift */,
				B86E9F2E1E47307C007B9B8E /* ViewController.xib */,
				B8FABCD21E473B1600E20E0F /* Main.storyboard */,
				B8A76D8F1E3F50A30081FC08 /* Assets.xcassets */,
				B83308431E3EE79F00CC8D4D /* LaunchScreen.storyboard */,
				B83308461E3EE79F00CC8D4D /* Info.plist */,
			);
			path = Handrop;
			sourceTree = "<group>";
		};
		B833084E1E3EE7A000CC8D4D /* HandropTests */ = {
			isa = PBXGroup;
			children = (
				B833084F1E3EE7A000CC8D4D /* HandropTests.swift */,
				B83308511E3EE7A000CC8D4D /* Info.plist */,
			);
			path = HandropTests;
			sourceTree = "<group>";
		};
		B83308591E3EE7A000CC8D4D /* HandropUITests */ = {
			isa = PBXGroup;
			children = (
				B833085A1E3EE7A000CC8D4D /* HandropUITests.swift */,
				B833085C1E3EE7A000CC8D4D /* Info.plist */,
			);
			path = HandropUITests;
			sourceTree = "<group>";
		};
		E26EB64B0D22E70BB386B0EA /* Frameworks */ = {
			isa = PBXGroup;
			children = (
				10E901EA1E6015B41EE1F599 /* libPods-Handrop.a */,
			);
			name = Frameworks;
			sourceTree = "<group>";
		};
/* End PBXGroup section */

/* Begin PBXNativeTarget section */
		B83308361E3EE79F00CC8D4D /* Handrop */ = {
			isa = PBXNativeTarget;
			buildConfigurationList = B833085F1E3EE7A000CC8D4D /* Build configuration list for PBXNativeTarget "Handrop" */;
			buildPhases = (
				CC88D5B993D09BFD33EAB405 /* [CP] Check Pods Manifest.lock */,
				B83308331E3EE79F00CC8D4D /* Sources */,
				B83308341E3EE79F00CC8D4D /* Frameworks */,
				B83308351E3EE79F00CC8D4D /* Resources */,
				1CBB0A71DD81B8C275A25CE2 /* [CP] Embed Pods Frameworks */,
				1E8308C958008DD32C27F34E /* [CP] Copy Pods Resources */,
			);
			buildRules = (
			);
			dependencies = (
			);
			name = Handrop;
			productName = Handrop;
			productReference = B83308371E3EE79F00CC8D4D /* Handrop.app */;
			productType = "com.apple.product-type.application";
		};
		B833084A1E3EE7A000CC8D4D /* HandropTests */ = {
			isa = PBXNativeTarget;
			buildConfigurationList = B83308621E3EE7A000CC8D4D /* Build configuration list for PBXNativeTarget "HandropTests" */;
			buildPhases = (
				B83308471E3EE7A000CC8D4D /* Sources */,
				B83308481E3EE7A000CC8D4D /* Frameworks */,
				B83308491E3EE7A000CC8D4D /* Resources */,
			);
			buildRules = (
			);
			dependencies = (
				B833084D1E3EE7A000CC8D4D /* PBXTargetDependency */,
			);
			name = HandropTests;
			productName = HandropTests;
			productReference = B833084B1E3EE7A000CC8D4D /* HandropTests.xctest */;
			productType = "com.apple.product-type.bundle.unit-test";
		};
		B83308551E3EE7A000CC8D4D /* HandropUITests */ = {
			isa = PBXNativeTarget;
			buildConfigurationList = B83308651E3EE7A000CC8D4D /* Build configuration list for PBXNativeTarget "HandropUITests" */;
			buildPhases = (
				B83308521E3EE7A000CC8D4D /* Sources */,
				B83308531E3EE7A000CC8D4D /* Frameworks */,
				B83308541E3EE7A000CC8D4D /* Resources */,
			);
			buildRules = (
			);
			dependencies = (
				B83308581E3EE7A000CC8D4D /* PBXTargetDependency */,
			);
			name = HandropUITests;
			productName = HandropUITests;
			productReference = B83308561E3EE7A000CC8D4D /* HandropUITests.xctest */;
			productType = "com.apple.product-type.bundle.ui-testing";
		};
/* End PBXNativeTarget section */

/* Begin PBXProject section */
		B833082F1E3EE79F00CC8D4D /* Project object */ = {
			isa = PBXProject;
			attributes = {
				LastSwiftUpdateCheck = 0820;
				LastUpgradeCheck = 0820;
				ORGANIZATIONNAME = "Niels Rochet";
				TargetAttributes = {
					B83308361E3EE79F00CC8D4D = {
						CreatedOnToolsVersion = 8.2.1;
						ProvisioningStyle = Automatic;
					};
					B833084A1E3EE7A000CC8D4D = {
						CreatedOnToolsVersion = 8.2.1;
						ProvisioningStyle = Automatic;
						TestTargetID = B83308361E3EE79F00CC8D4D;
					};
					B83308551E3EE7A000CC8D4D = {
						CreatedOnToolsVersion = 8.2.1;
						ProvisioningStyle = Automatic;
						TestTargetID = B83308361E3EE79F00CC8D4D;
					};
				};
			};
			buildConfigurationList = B83308321E3EE79F00CC8D4D /* Build configuration list for PBXProject "Handrop" */;
			compatibilityVersion = "Xcode 3.2";
			developmentRegion = English;
			hasScannedForEncodings = 0;
			knownRegions = (
				en,
				Base,
			);
			mainGroup = B833082E1E3EE79F00CC8D4D;
			productRefGroup = B83308381E3EE79F00CC8D4D /* Products */;
			projectDirPath = "";
			projectRoot = "";
			targets = (
				B83308361E3EE79F00CC8D4D /* Handrop */,
				B833084A1E3EE7A000CC8D4D /* HandropTests */,
				B83308551E3EE7A000CC8D4D /* HandropUITests */,
			);
		};
/* End PBXProject section */

/* Begin PBXResourcesBuildPhase section */
		B83308351E3EE79F00CC8D4D /* Resources */ = {
			isa = PBXResourcesBuildPhase;
			buildActionMask = 2147483647;
			files = (
				B83308451E3EE79F00CC8D4D /* LaunchScreen.storyboard in Resources */,
				B86E9F2F1E47307C007B9B8E /* ViewController.xib in Resources */,
				B8A76D901E3F50A30081FC08 /* Assets.xcassets in Resources */,
				B8FABCD31E473B1600E20E0F /* Main.storyboard in Resources */,
			);
			runOnlyForDeploymentPostprocessing = 0;
		};
		B83308491E3EE7A000CC8D4D /* Resources */ = {
			isa = PBXResourcesBuildPhase;
			buildActionMask = 2147483647;
			files = (
			);
			runOnlyForDeploymentPostprocessing = 0;
		};
		B83308541E3EE7A000CC8D4D /* Resources */ = {
			isa = PBXResourcesBuildPhase;
			buildActionMask = 2147483647;
			files = (
			);
			runOnlyForDeploymentPostprocessing = 0;
		};
/* End PBXResourcesBuildPhase section */

/* Begin PBXShellScriptBuildPhase section */
		1CBB0A71DD81B8C275A25CE2 /* [CP] Embed Pods Frameworks */ = {
			isa = PBXShellScriptBuildPhase;
			buildActionMask = 2147483647;
			files = (
			);
			inputPaths = (
			);
			name = "[CP] Embed Pods Frameworks";
			outputPaths = (
			);
			runOnlyForDeploymentPostprocessing = 0;
			shellPath = /bin/sh;
			shellScript = "\"${SRCROOT}/Pods/Target Support Files/Pods-Handrop/Pods-Handrop-frameworks.sh\"\n";
			showEnvVarsInLog = 0;
		};
		1E8308C958008DD32C27F34E /* [CP] Copy Pods Resources */ = {
			isa = PBXShellScriptBuildPhase;
			buildActionMask = 2147483647;
			files = (
			);
			inputPaths = (
			);
			name = "[CP] Copy Pods Resources";
			outputPaths = (
			);
			runOnlyForDeploymentPostprocessing = 0;
			shellPath = /bin/sh;
			shellScript = "\"${SRCROOT}/Pods/Target Support Files/Pods-Handrop/Pods-Handrop-resources.sh\"\n";
			showEnvVarsInLog = 0;
		};
		CC88D5B993D09BFD33EAB405 /* [CP] Check Pods Manifest.lock */ = {
			isa = PBXShellScriptBuildPhase;
			buildActionMask = 2147483647;
			files = (
			);
			inputPaths = (
			);
			name = "[CP] Check Pods Manifest.lock";
			outputPaths = (
			);
			runOnlyForDeploymentPostprocessing = 0;
			shellPath = /bin/sh;
			shellScript = "diff \"${PODS_ROOT}/../Podfile.lock\" \"${PODS_ROOT}/Manifest.lock\" > /dev/null\nif [ $? != 0 ] ; then\n    # print error to STDERR\n    echo \"error: The sandbox is not in sync with the Podfile.lock. Run 'pod install' or update your CocoaPods installation.\" >&2\n    exit 1\nfi\n";
			showEnvVarsInLog = 0;
		};
/* End PBXShellScriptBuildPhase section */

/* Begin PBXSourcesBuildPhase section */
		B83308331E3EE79F00CC8D4D /* Sources */ = {
			isa = PBXSourcesBuildPhase;
			buildActionMask = 2147483647;
			files = (
				B833083D1E3EE79F00CC8D4D /* ViewController.swift in Sources */,
				B833083B1E3EE79F00CC8D4D /* AppDelegate.swift in Sources */,
			);
			runOnlyForDeploymentPostprocessing = 0;
		};
		B83308471E3EE7A000CC8D4D /* Sources */ = {
			isa = PBXSourcesBuildPhase;
			buildActionMask = 2147483647;
			files = (
				B83308501E3EE7A000CC8D4D /* HandropTests.swift in Sources */,
			);
			runOnlyForDeploymentPostprocessing = 0;
		};
		B83308521E3EE7A000CC8D4D /* Sources */ = {
			isa = PBXSourcesBuildPhase;
			buildActionMask = 2147483647;
			files = (
				B833085B1E3EE7A000CC8D4D /* HandropUITests.swift in Sources */,
			);
			runOnlyForDeploymentPostprocessing = 0;
		};
/* End PBXSourcesBuildPhase section */

/* Begin PBXTargetDependency section */
		B833084D1E3EE7A000CC8D4D /* PBXTargetDependency */ = {
			isa = PBXTargetDependency;
			target = B83308361E3EE79F00CC8D4D /* Handrop */;
			targetProxy = B833084C1E3EE7A000CC8D4D /* PBXContainerItemProxy */;
		};
		B83308581E3EE7A000CC8D4D /* PBXTargetDependency */ = {
			isa = PBXTargetDependency;
			target = B83308361E3EE79F00CC8D4D /* Handrop */;
			targetProxy = B83308571E3EE7A000CC8D4D /* PBXContainerItemProxy */;
		};
/* End PBXTargetDependency section */

/* Begin PBXVariantGroup section */
		B83308431E3EE79F00CC8D4D /* LaunchScreen.storyboard */ = {
			isa = PBXVariantGroup;
			children = (
				B83308441E3EE79F00CC8D4D /* Base */,
			);
			name = LaunchScreen.storyboard;
			sourceTree = "<group>";
		};
/* End PBXVariantGroup section */

/* Begin XCBuildConfiguration section */
		B833085D1E3EE7A000CC8D4D /* Debug */ = {
			isa = XCBuildConfiguration;
			buildSettings = {
				ALWAYS_SEARCH_USER_PATHS = NO;
				CLANG_ANALYZER_NONNULL = YES;
				CLANG_CXX_LANGUAGE_STANDARD = "gnu++0x";
				CLANG_CXX_LIBRARY = "libc++";
				CLANG_ENABLE_MODULES = YES;
				CLANG_ENABLE_OBJC_ARC = YES;
				CLANG_WARN_BOOL_CONVERSION = YES;
				CLANG_WARN_CONSTANT_CONVERSION = YES;
				CLANG_WARN_DIRECT_OBJC_ISA_USAGE = YES_ERROR;
				CLANG_WARN_DOCUMENTATION_COMMENTS = YES;
				CLANG_WARN_EMPTY_BODY = YES;
				CLANG_WARN_ENUM_CONVERSION = YES;
				CLANG_WARN_INFINITE_RECURSION = YES;
				CLANG_WARN_INT_CONVERSION = YES;
				CLANG_WARN_OBJC_ROOT_CLASS = YES_ERROR;
				CLANG_WARN_SUSPICIOUS_MOVE = YES;
				CLANG_WARN_UNREACHABLE_CODE = YES;
				CLANG_WARN__DUPLICATE_METHOD_MATCH = YES;
				"CODE_SIGN_IDENTITY[sdk=iphoneos*]" = "iPhone Developer";
				COPY_PHASE_STRIP = NO;
				DEBUG_INFORMATION_FORMAT = dwarf;
				ENABLE_STRICT_OBJC_MSGSEND = YES;
				ENABLE_TESTABILITY = YES;
				GCC_C_LANGUAGE_STANDARD = gnu99;
				GCC_DYNAMIC_NO_PIC = NO;
				GCC_NO_COMMON_BLOCKS = YES;
				GCC_OPTIMIZATION_LEVEL = 0;
				GCC_PREPROCESSOR_DEFINITIONS = (
					"DEBUG=1",
					"$(inherited)",
				);
				GCC_WARN_64_TO_32_BIT_CONVERSION = YES;
				GCC_WARN_ABOUT_RETURN_TYPE = YES_ERROR;
				GCC_WARN_UNDECLARED_SELECTOR = YES;
				GCC_WARN_UNINITIALIZED_AUTOS = YES_AGGRESSIVE;
				GCC_WARN_UNUSED_FUNCTION = YES;
				GCC_WARN_UNUSED_VARIABLE = YES;
				IPHONEOS_DEPLOYMENT_TARGET = 10.2;
				MTL_ENABLE_DEBUG_INFO = YES;
				ONLY_ACTIVE_ARCH = YES;
				SDKROOT = iphoneos;
				SWIFT_ACTIVE_COMPILATION_CONDITIONS = DEBUG;
				SWIFT_OPTIMIZATION_LEVEL = "-Onone";
				TARGETED_DEVICE_FAMILY = "1,2";
			};
			name = Debug;
		};
		B833085E1E3EE7A000CC8D4D /* Release */ = {
			isa = XCBuildConfiguration;
			buildSettings = {
				ALWAYS_SEARCH_USER_PATHS = NO;
				CLANG_ANALYZER_NONNULL = YES;
				CLANG_CXX_LANGUAGE_STANDARD = "gnu++0x";
				CLANG_CXX_LIBRARY = "libc++";
				CLANG_ENABLE_MODULES = YES;
				CLANG_ENABLE_OBJC_ARC = YES;
				CLANG_WARN_BOOL_CONVERSION = YES;
				CLANG_WARN_CONSTANT_CONVERSION = YES;
				CLANG_WARN_DIRECT_OBJC_ISA_USAGE = YES_ERROR;
				CLANG_WARN_DOCUMENTATION_COMMENTS = YES;
				CLANG_WARN_EMPTY_BODY = YES;
				CLANG_WARN_ENUM_CONVERSION = YES;
				CLANG_WARN_INFINITE_RECURSION = YES;
				CLANG_WARN_INT_CONVERSION = YES;
				CLANG_WARN_OBJC_ROOT_CLASS = YES_ERROR;
				CLANG_WARN_SUSPICIOUS_MOVE = YES;
				CLANG_WARN_UNREACHABLE_CODE = YES;
				CLANG_WARN__DUPLICATE_METHOD_MATCH = YES;
				"CODE_SIGN_IDENTITY[sdk=iphoneos*]" = "iPhone Developer";
				COPY_PHASE_STRIP = NO;
				DEBUG_INFORMATION_FORMAT = "dwarf-with-dsym";
				ENABLE_NS_ASSERTIONS = NO;
				ENABLE_STRICT_OBJC_MSGSEND = YES;
				GCC_C_LANGUAGE_STANDARD = gnu99;
				GCC_NO_COMMON_BLOCKS = YES;
				GCC_WARN_64_TO_32_BIT_CONVERSION = YES;
				GCC_WARN_ABOUT_RETURN_TYPE = YES_ERROR;
				GCC_WARN_UNDECLARED_SELECTOR = YES;
				GCC_WARN_UNINITIALIZED_AUTOS = YES_AGGRESSIVE;
				GCC_WARN_UNUSED_FUNCTION = YES;
				GCC_WARN_UNUSED_VARIABLE = YES;
				IPHONEOS_DEPLOYMENT_TARGET = 10.2;
				MTL_ENABLE_DEBUG_INFO = NO;
				SDKROOT = iphoneos;
				SWIFT_OPTIMIZATION_LEVEL = "-Owholemodule";
				TARGETED_DEVICE_FAMILY = "1,2";
				VALIDATE_PRODUCT = YES;
			};
			name = Release;
		};
		B83308601E3EE7A000CC8D4D /* Debug */ = {
			isa = XCBuildConfiguration;
			baseConfigurationReference = 40245D3AE4C4146401E64766 /* Pods-Handrop.debug.xcconfig */;
			buildSettings = {
				ASSETCATALOG_COMPILER_APPICON_NAME = AppIcon;
				INFOPLIST_FILE = Handrop/Info.plist;
				LD_RUNPATH_SEARCH_PATHS = "$(inherited) @executable_path/Frameworks";
				PRODUCT_BUNDLE_IDENTIFIER = niels.Handrop;
				PRODUCT_NAME = "$(TARGET_NAME)";
				SWIFT_VERSION = 3.0;
			};
			name = Debug;
		};
		B83308611E3EE7A000CC8D4D /* Release */ = {
			isa = XCBuildConfiguration;
			baseConfigurationReference = 868E5ECD311E3F750D2DAC8A /* Pods-Handrop.release.xcconfig */;
			buildSettings = {
				ASSETCATALOG_COMPILER_APPICON_NAME = AppIcon;
				INFOPLIST_FILE = Handrop/Info.plist;
				LD_RUNPATH_SEARCH_PATHS = "$(inherited) @executable_path/Frameworks";
				PRODUCT_BUNDLE_IDENTIFIER = niels.Handrop;
				PRODUCT_NAME = "$(TARGET_NAME)";
				SWIFT_VERSION = 3.0;
			};
			name = Release;
		};
		B83308631E3EE7A000CC8D4D /* Debug */ = {
			isa = XCBuildConfiguration;
			buildSettings = {
				ALWAYS_EMBED_SWIFT_STANDARD_LIBRARIES = YES;
				BUNDLE_LOADER = "$(TEST_HOST)";
				INFOPLIST_FILE = HandropTests/Info.plist;
				LD_RUNPATH_SEARCH_PATHS = "$(inherited) @executable_path/Frameworks @loader_path/Frameworks";
				PRODUCT_BUNDLE_IDENTIFIER = niels.HandropTests;
				PRODUCT_NAME = "$(TARGET_NAME)";
				SWIFT_VERSION = 3.0;
				TEST_HOST = "$(BUILT_PRODUCTS_DIR)/Handrop.app/Handrop";
			};
			name = Debug;
		};
		B83308641E3EE7A000CC8D4D /* Release */ = {
			isa = XCBuildConfiguration;
			buildSettings = {
				ALWAYS_EMBED_SWIFT_STANDARD_LIBRARIES = YES;
				BUNDLE_LOADER = "$(TEST_HOST)";
				INFOPLIST_FILE = HandropTests/Info.plist;
				LD_RUNPATH_SEARCH_PATHS = "$(inherited) @executable_path/Frameworks @loader_path/Frameworks";
				PRODUCT_BUNDLE_IDENTIFIER = niels.HandropTests;
				PRODUCT_NAME = "$(TARGET_NAME)";
				SWIFT_VERSION = 3.0;
				TEST_HOST = "$(BUILT_PRODUCTS_DIR)/Handrop.app/Handrop";
			};
			name = Release;
		};
		B83308661E3EE7A000CC8D4D /* Debug */ = {
			isa = XCBuildConfiguration;
			buildSettings = {
				ALWAYS_EMBED_SWIFT_STANDARD_LIBRARIES = YES;
				INFOPLIST_FILE = HandropUITests/Info.plist;
				LD_RUNPATH_SEARCH_PATHS = "$(inherited) @executable_path/Frameworks @loader_path/Frameworks";
				PRODUCT_BUNDLE_IDENTIFIER = niels.HandropUITests;
				PRODUCT_NAME = "$(TARGET_NAME)";
				SWIFT_VERSION = 3.0;
				TEST_TARGET_NAME = Handrop;
			};
			name = Debug;
		};
		B83308671E3EE7A000CC8D4D /* Release */ = {
			isa = XCBuildConfiguration;
			buildSettings = {
				ALWAYS_EMBED_SWIFT_STANDARD_LIBRARIES = YES;
				INFOPLIST_FILE = HandropUITests/Info.plist;
				LD_RUNPATH_SEARCH_PATHS = "$(inherited) @executable_path/Frameworks @loader_path/Frameworks";
				PRODUCT_BUNDLE_IDENTIFIER = niels.HandropUITests;
				PRODUCT_NAME = "$(TARGET_NAME)";
				SWIFT_VERSION = 3.0;
				TEST_TARGET_NAME = Handrop;
			};
			name = Release;
		};
/* End XCBuildConfiguration section */

/* Begin XCConfigurationList section */
		B83308321E3EE79F00CC8D4D /* Build configuration list for PBXProject "Handrop" */ = {
			isa = XCConfigurationList;
			buildConfigurations = (
				B833085D1E3EE7A000CC8D4D /* Debug */,
				B833085E1E3EE7A000CC8D4D /* Release */,
			);
			defaultConfigurationIsVisible = 0;
			defaultConfigurationName = Release;
		};
		B833085F1E3EE7A000CC8D4D /* Build configuration list for PBXNativeTarget "Handrop" */ = {
			isa = XCConfigurationList;
			buildConfigurations = (
				B83308601E3EE7A000CC8D4D /* Debug */,
				B83308611E3EE7A000CC8D4D /* Release */,
			);
			defaultConfigurationIsVisible = 0;
			defaultConfigurationName = Release;
		};
		B83308621E3EE7A000CC8D4D /* Build configuration list for PBXNativeTarget "HandropTests" */ = {
			isa = XCConfigurationList;
			buildConfigurations = (
				B83308631E3EE7A000CC8D4D /* Debug */,
				B83308641E3EE7A000CC8D4D /* Release */,
			);
			defaultConfigurationIsVisible = 0;
			defaultConfigurationName = Release;
		};
		B83308651E3EE7A000CC8D4D /* Build configuration list for PBXNativeTarget "HandropUITests" */ = {
			isa = XCConfigurationList;
			buildConfigurations = (
				B83308661E3EE7A000CC8D4D /* Debug */,
				B83308671E3EE7A000CC8D4D /* Release */,
			);
			defaultConfigurationIsVisible = 0;
			defaultConfigurationName = Release;
		};
/* End XCConfigurationList section */
	};
	rootObject = B833082F1E3EE79F00CC8D4D /* Project object */;
}
